
Microsoft Visual Studio Solution File, Format Version 12.00
# Visual Studio 15
VisualStudioVersion = 15.0.27703.2035
MinimumVisualStudioVersion = 10.0.40219.1
Project("{F184B08F-C81C-45F6-A57F-5ABD9991F28F}") = "FormsPrintScalingBlurryIssue", "FormsPrintScalingBlurryIssue\FormsPrintScalingBlurryIssue.vbproj", "{137F1B05-1172-4004-AF1F-3BCCC5B9713D}"
EndProject
Global
	GlobalSection(SolutionConfigurationPlatforms) = preSolution
		Debug|Any CPU = Debug|Any CPU
		Release|Any CPU = Release|Any CPU
	EndGlobalSection
	GlobalSection(ProjectConfigurationPlatforms) = postSolution
		{137F1B05-1172-4004-AF1F-3BCCC5B9713D}.Debug|Any CPU.ActiveCfg = Debug|Any CPU
		{137F1B05-1172-4004-AF1F-3BCCC5B9713D}.Debug|Any CPU.Build.0 = Debug|Any CPU
		{137F1B05-1172-4004-AF1F-3BCCC5B9713D}.Release|Any CPU.ActiveCfg = Release|Any CPU
		{137F1B05-1172-4004-AF1F-3BCCC5B9713D}.Release|Any CPU.Build.0 = Release|Any CPU
	EndGlobalSection
	GlobalSection(SolutionProperties) = preSolution
		HideSolutionNode = FALSE
	EndGlobalSection
	GlobalSection(ExtensibilityGlobals) = postSolution
		SolutionGuid = {75ADDA4E-D699-4F33-9AD2-A2A852213331}
	EndGlobalSection
EndGlobal
